
Microsoft Visual Studio Solution File, Format Version 12.00
# Visual Studio 2013
VisualStudioVersion = 12.0.21005.1
MinimumVisualStudioVersion = 10.0.40219.1
Project("{FAE04EC0-301F-11D3-BF4B-00C04F79EFBC}") = "PresentationLayer", "ProjectManager\PresentationLayer.csproj", "{45459F85-41C2-41E9-9EF2-69DA08A9B99D}"
EndProject
Project("{FAE04EC0-301F-11D3-BF4B-00C04F79EFBC}") = "Classes", "Classes\Classes.csproj", "{CDEAFF5C-A94E-4F75-9456-F8F5A7062127}"
EndProject
Project("{FAE04EC0-301F-11D3-BF4B-00C04F79EFBC}") = "DataLayer", "DataLayer\DataLayer.csproj", "{F77073C3-2856-4FDE-8746-679F96DCF1A6}"
EndProject
Project("{FAE04EC0-301F-11D3-BF4B-00C04F79EFBC}") = "Interfaces", "Interfaces\Interfaces.csproj", "{8177F312-05EB-4021-A1AC-AAB0244A2AB2}"
EndProject
Project("{FAE04EC0-301F-11D3-BF4B-00C04F79EFBC}") = "ControlLibrary", "ControlLibrary\ControlLibrary.csproj", "{89808FCD-8255-483E-AE77-0A1CAE58A352}"
EndProject
Global
	GlobalSection(SolutionConfigurationPlatforms) = preSolution
		Debug|Any CPU = Debug|Any CPU
		Release|Any CPU = Release|Any CPU
	EndGlobalSection
	GlobalSection(ProjectConfigurationPlatforms) = postSolution
		{45459F85-41C2-41E9-9EF2-69DA08A9B99D}.Debug|Any CPU.ActiveCfg = Debug|Any CPU
		{45459F85-41C2-41E9-9EF2-69DA08A9B99D}.Debug|Any CPU.Build.0 = Debug|Any CPU
		{45459F85-41C2-41E9-9EF2-69DA08A9B99D}.Release|Any CPU.ActiveCfg = Release|Any CPU
		{45459F85-41C2-41E9-9EF2-69DA08A9B99D}.Release|Any CPU.Build.0 = Release|Any CPU
		{CDEAFF5C-A94E-4F75-9456-F8F5A7062127}.Debug|Any CPU.ActiveCfg = Debug|Any CPU
		{CDEAFF5C-A94E-4F75-9456-F8F5A7062127}.Debug|Any CPU.Build.0 = Debug|Any CPU
		{CDEAFF5C-A94E-4F75-9456-F8F5A7062127}.Release|Any CPU.ActiveCfg = Release|Any CPU
		{CDEAFF5C-A94E-4F75-9456-F8F5A7062127}.Release|Any CPU.Build.0 = Release|Any CPU
		{F77073C3-2856-4FDE-8746-679F96DCF1A6}.Debug|Any CPU.ActiveCfg = Debug|Any CPU
		{F77073C3-2856-4FDE-8746-679F96DCF1A6}.Debug|Any CPU.Build.0 = Debug|Any CPU
		{F77073C3-2856-4FDE-8746-679F96DCF1A6}.Release|Any CPU.ActiveCfg = Release|Any CPU
		{F77073C3-2856-4FDE-8746-679F96DCF1A6}.Release|Any CPU.Build.0 = Release|Any CPU
		{8177F312-05EB-4021-A1AC-AAB0244A2AB2}.Debug|Any CPU.ActiveCfg = Debug|Any CPU
		{8177F312-05EB-4021-A1AC-AAB0244A2AB2}.Debug|Any CPU.Build.0 = Debug|Any CPU
		{8177F312-05EB-4021-A1AC-AAB0244A2AB2}.Release|Any CPU.ActiveCfg = Release|Any CPU
		{8177F312-05EB-4021-A1AC-AAB0244A2AB2}.Release|Any CPU.Build.0 = Release|Any CPU
		{89808FCD-8255-483E-AE77-0A1CAE58A352}.Debug|Any CPU.ActiveCfg = Debug|Any CPU
		{89808FCD-8255-483E-AE77-0A1CAE58A352}.Debug|Any CPU.Build.0 = Debug|Any CPU
		{89808FCD-8255-483E-AE77-0A1CAE58A352}.Release|Any CPU.ActiveCfg = Release|Any CPU
		{89808FCD-8255-483E-AE77-0A1CAE58A352}.Release|Any CPU.Build.0 = Release|Any CPU
	EndGlobalSection
	GlobalSection(SolutionProperties) = preSolution
		HideSolutionNode = FALSE
	EndGlobalSection
EndGlobal
